
Microsoft Visual Studio Solution File, Format Version 12.00
# Visual Studio Version 16
VisualStudioVersion = 16.0.30907.101
MinimumVisualStudioVersion = 10.0.40219.1
Project("{8BC9CEB8-8B4A-11D0-8D11-00A0C91BC942}") = "ClarkNicholas1010Baseball", "ClarkNicholas1010Baseball\ClarkNicholas1010Baseball.vcxproj", "{7F11B2E7-4CD2-4713-ADCF-0C0D168D2439}"
EndProject
Global
	GlobalSection(SolutionConfigurationPlatforms) = preSolution
		Debug|x64 = Debug|x64
		Debug|x86 = Debug|x86
		Release|x64 = Release|x64
		Release|x86 = Release|x86
	EndGlobalSection
	GlobalSection(ProjectConfigurationPlatforms) = postSolution
		{7F11B2E7-4CD2-4713-ADCF-0C0D168D2439}.Debug|x64.ActiveCfg = Debug|x64
		{7F11B2E7-4CD2-4713-ADCF-0C0D168D2439}.Debug|x64.Build.0 = Debug|x64
		{7F11B2E7-4CD2-4713-ADCF-0C0D168D2439}.Debug|x86.ActiveCfg = Debug|Win32
		{7F11B2E7-4CD2-4713-ADCF-0C0D168D2439}.Debug|x86.Build.0 = Debug|Win32
		{7F11B2E7-4CD2-4713-ADCF-0C0D168D2439}.Release|x64.ActiveCfg = Release|x64
		{7F11B2E7-4CD2-4713-ADCF-0C0D168D2439}.Release|x64.Build.0 = Release|x64
		{7F11B2E7-4CD2-4713-ADCF-0C0D168D2439}.Release|x86.ActiveCfg = Release|Win32
		{7F11B2E7-4CD2-4713-ADCF-0C0D168D2439}.Release|x86.Build.0 = Release|Win32
	EndGlobalSection
	GlobalSection(SolutionProperties) = preSolution
		HideSolutionNode = FALSE
	EndGlobalSection
	GlobalSection(ExtensibilityGlobals) = postSolution
		SolutionGuid = {42AA1CC2-284E-4F7E-A9B0-A796546EB1AD}
	EndGlobalSection
EndGlobal
