
Microsoft Visual Studio Solution File, Format Version 12.00
# Visual Studio Version 16
VisualStudioVersion = 16.0.30907.101
MinimumVisualStudioVersion = 10.0.40219.1
Project("{8BC9CEB8-8B4A-11D0-8D11-00A0C91BC942}") = "ClarkNicholas1010Restaurant", "ClarkNicholas1010Restaurant\ClarkNicholas1010Restaurant.vcxproj", "{1981DCC9-38A6-4B86-AAC8-D309F7F346C1}"
EndProject
Global
	GlobalSection(SolutionConfigurationPlatforms) = preSolution
		Debug|x64 = Debug|x64
		Debug|x86 = Debug|x86
		Release|x64 = Release|x64
		Release|x86 = Release|x86
	EndGlobalSection
	GlobalSection(ProjectConfigurationPlatforms) = postSolution
		{1981DCC9-38A6-4B86-AAC8-D309F7F346C1}.Debug|x64.ActiveCfg = Debug|x64
		{1981DCC9-38A6-4B86-AAC8-D309F7F346C1}.Debug|x64.Build.0 = Debug|x64
		{1981DCC9-38A6-4B86-AAC8-D309F7F346C1}.Debug|x86.ActiveCfg = Debug|Win32
		{1981DCC9-38A6-4B86-AAC8-D309F7F346C1}.Debug|x86.Build.0 = Debug|Win32
		{1981DCC9-38A6-4B86-AAC8-D309F7F346C1}.Release|x64.ActiveCfg = Release|x64
		{1981DCC9-38A6-4B86-AAC8-D309F7F346C1}.Release|x64.Build.0 = Release|x64
		{1981DCC9-38A6-4B86-AAC8-D309F7F346C1}.Release|x86.ActiveCfg = Release|Win32
		{1981DCC9-38A6-4B86-AAC8-D309F7F346C1}.Release|x86.Build.0 = Release|Win32
	EndGlobalSection
	GlobalSection(SolutionProperties) = preSolution
		HideSolutionNode = FALSE
	EndGlobalSection
	GlobalSection(ExtensibilityGlobals) = postSolution
		SolutionGuid = {9FFB34FB-D251-4803-A756-2C573D701318}
	EndGlobalSection
EndGlobal
