
Microsoft Visual Studio Solution File, Format Version 12.00
# Visual Studio Version 16
VisualStudioVersion = 16.0.31129.286
MinimumVisualStudioVersion = 10.0.40219.1
Project("{FAE04EC0-301F-11D3-BF4B-00C04F79EFBC}") = "NCPointersLab", "NCPointersLab\NCPointersLab.csproj", "{760427D9-1995-4CB6-ACE3-9B0C4382BD5E}"
EndProject
Global
	GlobalSection(SolutionConfigurationPlatforms) = preSolution
		Debug|Any CPU = Debug|Any CPU
		Release|Any CPU = Release|Any CPU
	EndGlobalSection
	GlobalSection(ProjectConfigurationPlatforms) = postSolution
		{760427D9-1995-4CB6-ACE3-9B0C4382BD5E}.Debug|Any CPU.ActiveCfg = Debug|Any CPU
		{760427D9-1995-4CB6-ACE3-9B0C4382BD5E}.Debug|Any CPU.Build.0 = Debug|Any CPU
		{760427D9-1995-4CB6-ACE3-9B0C4382BD5E}.Release|Any CPU.ActiveCfg = Release|Any CPU
		{760427D9-1995-4CB6-ACE3-9B0C4382BD5E}.Release|Any CPU.Build.0 = Release|Any CPU
	EndGlobalSection
	GlobalSection(SolutionProperties) = preSolution
		HideSolutionNode = FALSE
	EndGlobalSection
	GlobalSection(ExtensibilityGlobals) = postSolution
		SolutionGuid = {EF29A61F-59D3-46FA-8ED9-813C71E3FB39}
	EndGlobalSection
EndGlobal
