
Microsoft Visual Studio Solution File, Format Version 12.00
# Visual Studio Version 16
VisualStudioVersion = 16.0.30907.101
MinimumVisualStudioVersion = 10.0.40219.1
Project("{8BC9CEB8-8B4A-11D0-8D11-00A0C91BC942}") = "ClarkNicholas1010CH1", "ClarkNicholas1010CH1\ClarkNicholas1010CH1.vcxproj", "{6AA715C2-E442-4156-A3F2-2632E0CB07B7}"
EndProject
Global
	GlobalSection(SolutionConfigurationPlatforms) = preSolution
		Debug|x64 = Debug|x64
		Debug|x86 = Debug|x86
		Release|x64 = Release|x64
		Release|x86 = Release|x86
	EndGlobalSection
	GlobalSection(ProjectConfigurationPlatforms) = postSolution
		{6AA715C2-E442-4156-A3F2-2632E0CB07B7}.Debug|x64.ActiveCfg = Debug|x64
		{6AA715C2-E442-4156-A3F2-2632E0CB07B7}.Debug|x64.Build.0 = Debug|x64
		{6AA715C2-E442-4156-A3F2-2632E0CB07B7}.Debug|x86.ActiveCfg = Debug|Win32
		{6AA715C2-E442-4156-A3F2-2632E0CB07B7}.Debug|x86.Build.0 = Debug|Win32
		{6AA715C2-E442-4156-A3F2-2632E0CB07B7}.Release|x64.ActiveCfg = Release|x64
		{6AA715C2-E442-4156-A3F2-2632E0CB07B7}.Release|x64.Build.0 = Release|x64
		{6AA715C2-E442-4156-A3F2-2632E0CB07B7}.Release|x86.ActiveCfg = Release|Win32
		{6AA715C2-E442-4156-A3F2-2632E0CB07B7}.Release|x86.Build.0 = Release|Win32
	EndGlobalSection
	GlobalSection(SolutionProperties) = preSolution
		HideSolutionNode = FALSE
	EndGlobalSection
	GlobalSection(ExtensibilityGlobals) = postSolution
		SolutionGuid = {28EA79B9-13A0-49C3-8AF1-3BB0E04D69D0}
	EndGlobalSection
EndGlobal
