
Microsoft Visual Studio Solution File, Format Version 12.00
# Visual Studio Version 16
VisualStudioVersion = 16.0.30907.101
MinimumVisualStudioVersion = 10.0.40219.1
Project("{8BC9CEB8-8B4A-11D0-8D11-00A0C91BC942}") = "testets", "testets\testets.vcxproj", "{C862ED7C-4A5A-4FF4-995A-69E4D9C96F66}"
EndProject
Global
	GlobalSection(SolutionConfigurationPlatforms) = preSolution
		Debug|x64 = Debug|x64
		Debug|x86 = Debug|x86
		Release|x64 = Release|x64
		Release|x86 = Release|x86
	EndGlobalSection
	GlobalSection(ProjectConfigurationPlatforms) = postSolution
		{C862ED7C-4A5A-4FF4-995A-69E4D9C96F66}.Debug|x64.ActiveCfg = Debug|x64
		{C862ED7C-4A5A-4FF4-995A-69E4D9C96F66}.Debug|x64.Build.0 = Debug|x64
		{C862ED7C-4A5A-4FF4-995A-69E4D9C96F66}.Debug|x86.ActiveCfg = Debug|Win32
		{C862ED7C-4A5A-4FF4-995A-69E4D9C96F66}.Debug|x86.Build.0 = Debug|Win32
		{C862ED7C-4A5A-4FF4-995A-69E4D9C96F66}.Release|x64.ActiveCfg = Release|x64
		{C862ED7C-4A5A-4FF4-995A-69E4D9C96F66}.Release|x64.Build.0 = Release|x64
		{C862ED7C-4A5A-4FF4-995A-69E4D9C96F66}.Release|x86.ActiveCfg = Release|Win32
		{C862ED7C-4A5A-4FF4-995A-69E4D9C96F66}.Release|x86.Build.0 = Release|Win32
	EndGlobalSection
	GlobalSection(SolutionProperties) = preSolution
		HideSolutionNode = FALSE
	EndGlobalSection
	GlobalSection(ExtensibilityGlobals) = postSolution
		SolutionGuid = {9D34B123-4C39-413C-B175-CA58321ABB45}
	EndGlobalSection
EndGlobal
